
Microsoft Visual Studio Solution File, Format Version 12.00
# Visual Studio Version 16
VisualStudioVersion = 16.0.29613.14
MinimumVisualStudioVersion = 10.0.40219.1
Project("{FAE04EC0-301F-11D3-BF4B-00C04F79EFBC}") = "来电提醒服务", "来电提醒\来电提醒服务.csproj", "{90498157-DCF5-4299-86C9-5952FA1BD14A}"
EndProject
Project("{9A19103F-16F7-4668-BE54-9A1E7A4F7556}") = "来电提醒客户端", "来电提醒客户端\来电提醒客户端.csproj", "{83E7B816-D0B9-4FF4-BF7A-CA5EF2C98A7B}"
EndProject
Project("{FAE04EC0-301F-11D3-BF4B-00C04F79EFBC}") = "PhoneRecorderAD130", "..\..\..\..\Temp\ad130\AD130 Demo Source Code\C#\Project1\Project1\PhoneRecorderAD130.csproj", "{FA845AAF-FE73-4DFF-BD91-7428C7B5F459}"
EndProject
Project("{9A19103F-16F7-4668-BE54-9A1E7A4F7556}") = "来电提醒服务端", "来电提醒服务端\来电提醒服务端.csproj", "{B5402746-627F-4948-B5EE-7008E03AB92D}"
EndProject
Project("{9A19103F-16F7-4668-BE54-9A1E7A4F7556}") = "TestServer", "TestServer\TestServer.csproj", "{ABBA88C7-EEC2-4F77-864B-AB61098633AA}"
EndProject
Project("{9A19103F-16F7-4668-BE54-9A1E7A4F7556}") = "TestClient", "TestClient\TestClient.csproj", "{E454B543-3221-413A-A754-DE4ABB6055CE}"
EndProject
Project("{2150E333-8FDC-42A3-9474-1A3956D46DE8}") = "Old bf 2020", "Old bf 2020", "{9A27A0AD-8337-4F17-8A2F-1788289695D5}"
EndProject
Project("{2150E333-8FDC-42A3-9474-1A3956D46DE8}") = "Create at 202006", "Create at 202006", "{EACFDE51-FADC-4C11-885A-F926299577B7}"
EndProject
Project("{FAE04EC0-301F-11D3-BF4B-00C04F79EFBC}") = "PhoneWatcher", "PhoneWatcher\PhoneWatcher.csproj", "{AEEAFF17-A2E8-4119-A754-C5954E44F8E9}"
EndProject
Global
	GlobalSection(SolutionConfigurationPlatforms) = preSolution
		Debug|Any CPU = Debug|Any CPU
		Debug|x64 = Debug|x64
		Debug|x86 = Debug|x86
		Release|Any CPU = Release|Any CPU
		Release|x64 = Release|x64
		Release|x86 = Release|x86
	EndGlobalSection
	GlobalSection(ProjectConfigurationPlatforms) = postSolution
		{90498157-DCF5-4299-86C9-5952FA1BD14A}.Debug|Any CPU.ActiveCfg = Debug|Any CPU
		{90498157-DCF5-4299-86C9-5952FA1BD14A}.Debug|Any CPU.Build.0 = Debug|Any CPU
		{90498157-DCF5-4299-86C9-5952FA1BD14A}.Debug|x64.ActiveCfg = Debug|Any CPU
		{90498157-DCF5-4299-86C9-5952FA1BD14A}.Debug|x64.Build.0 = Debug|Any CPU
		{90498157-DCF5-4299-86C9-5952FA1BD14A}.Debug|x86.ActiveCfg = Debug|x86
		{90498157-DCF5-4299-86C9-5952FA1BD14A}.Debug|x86.Build.0 = Debug|x86
		{90498157-DCF5-4299-86C9-5952FA1BD14A}.Release|Any CPU.ActiveCfg = Release|Any CPU
		{90498157-DCF5-4299-86C9-5952FA1BD14A}.Release|Any CPU.Build.0 = Release|Any CPU
		{90498157-DCF5-4299-86C9-5952FA1BD14A}.Release|x64.ActiveCfg = Release|Any CPU
		{90498157-DCF5-4299-86C9-5952FA1BD14A}.Release|x64.Build.0 = Release|Any CPU
		{90498157-DCF5-4299-86C9-5952FA1BD14A}.Release|x86.ActiveCfg = Release|Any CPU
		{90498157-DCF5-4299-86C9-5952FA1BD14A}.Release|x86.Build.0 = Release|Any CPU
		{83E7B816-D0B9-4FF4-BF7A-CA5EF2C98A7B}.Debug|Any CPU.ActiveCfg = Debug|Any CPU
		{83E7B816-D0B9-4FF4-BF7A-CA5EF2C98A7B}.Debug|Any CPU.Build.0 = Debug|Any CPU
		{83E7B816-D0B9-4FF4-BF7A-CA5EF2C98A7B}.Debug|x64.ActiveCfg = Debug|x64
		{83E7B816-D0B9-4FF4-BF7A-CA5EF2C98A7B}.Debug|x64.Build.0 = Debug|x64
		{83E7B816-D0B9-4FF4-BF7A-CA5EF2C98A7B}.Debug|x86.ActiveCfg = Release|x86
		{83E7B816-D0B9-4FF4-BF7A-CA5EF2C98A7B}.Debug|x86.Build.0 = Release|x86
		{83E7B816-D0B9-4FF4-BF7A-CA5EF2C98A7B}.Release|Any CPU.ActiveCfg = Release|Any CPU
		{83E7B816-D0B9-4FF4-BF7A-CA5EF2C98A7B}.Release|Any CPU.Build.0 = Release|Any CPU
		{83E7B816-D0B9-4FF4-BF7A-CA5EF2C98A7B}.Release|x64.ActiveCfg = Release|x64
		{83E7B816-D0B9-4FF4-BF7A-CA5EF2C98A7B}.Release|x64.Build.0 = Release|x64
		{83E7B816-D0B9-4FF4-BF7A-CA5EF2C98A7B}.Release|x86.ActiveCfg = Release|x86
		{83E7B816-D0B9-4FF4-BF7A-CA5EF2C98A7B}.Release|x86.Build.0 = Release|x86
		{FA845AAF-FE73-4DFF-BD91-7428C7B5F459}.Debug|Any CPU.ActiveCfg = Debug|Any CPU
		{FA845AAF-FE73-4DFF-BD91-7428C7B5F459}.Debug|Any CPU.Build.0 = Debug|Any CPU
		{FA845AAF-FE73-4DFF-BD91-7428C7B5F459}.Debug|x64.ActiveCfg = Debug|Any CPU
		{FA845AAF-FE73-4DFF-BD91-7428C7B5F459}.Debug|x64.Build.0 = Debug|Any CPU
		{FA845AAF-FE73-4DFF-BD91-7428C7B5F459}.Debug|x86.ActiveCfg = Debug|Any CPU
		{FA845AAF-FE73-4DFF-BD91-7428C7B5F459}.Debug|x86.Build.0 = Debug|Any CPU
		{FA845AAF-FE73-4DFF-BD91-7428C7B5F459}.Release|Any CPU.ActiveCfg = Release|Any CPU
		{FA845AAF-FE73-4DFF-BD91-7428C7B5F459}.Release|Any CPU.Build.0 = Release|Any CPU
		{FA845AAF-FE73-4DFF-BD91-7428C7B5F459}.Release|x64.ActiveCfg = Release|Any CPU
		{FA845AAF-FE73-4DFF-BD91-7428C7B5F459}.Release|x64.Build.0 = Release|Any CPU
		{FA845AAF-FE73-4DFF-BD91-7428C7B5F459}.Release|x86.ActiveCfg = Release|Any CPU
		{FA845AAF-FE73-4DFF-BD91-7428C7B5F459}.Release|x86.Build.0 = Release|Any CPU
		{B5402746-627F-4948-B5EE-7008E03AB92D}.Debug|Any CPU.ActiveCfg = Debug|Any CPU
		{B5402746-627F-4948-B5EE-7008E03AB92D}.Debug|Any CPU.Build.0 = Debug|Any CPU
		{B5402746-627F-4948-B5EE-7008E03AB92D}.Debug|x64.ActiveCfg = Debug|x64
		{B5402746-627F-4948-B5EE-7008E03AB92D}.Debug|x64.Build.0 = Debug|x64
		{B5402746-627F-4948-B5EE-7008E03AB92D}.Debug|x86.ActiveCfg = Debug|x86
		{B5402746-627F-4948-B5EE-7008E03AB92D}.Debug|x86.Build.0 = Debug|x86
		{B5402746-627F-4948-B5EE-7008E03AB92D}.Release|Any CPU.ActiveCfg = Release|Any CPU
		{B5402746-627F-4948-B5EE-7008E03AB92D}.Release|Any CPU.Build.0 = Release|Any CPU
		{B5402746-627F-4948-B5EE-7008E03AB92D}.Release|x64.ActiveCfg = Release|x64
		{B5402746-627F-4948-B5EE-7008E03AB92D}.Release|x64.Build.0 = Release|x64
		{B5402746-627F-4948-B5EE-7008E03AB92D}.Release|x86.ActiveCfg = Release|x86
		{B5402746-627F-4948-B5EE-7008E03AB92D}.Release|x86.Build.0 = Release|x86
		{ABBA88C7-EEC2-4F77-864B-AB61098633AA}.Debug|Any CPU.ActiveCfg = Debug|Any CPU
		{ABBA88C7-EEC2-4F77-864B-AB61098633AA}.Debug|Any CPU.Build.0 = Debug|Any CPU
		{ABBA88C7-EEC2-4F77-864B-AB61098633AA}.Debug|x64.ActiveCfg = Debug|Any CPU
		{ABBA88C7-EEC2-4F77-864B-AB61098633AA}.Debug|x64.Build.0 = Debug|Any CPU
		{ABBA88C7-EEC2-4F77-864B-AB61098633AA}.Debug|x86.ActiveCfg = Debug|Any CPU
		{ABBA88C7-EEC2-4F77-864B-AB61098633AA}.Debug|x86.Build.0 = Debug|Any CPU
		{ABBA88C7-EEC2-4F77-864B-AB61098633AA}.Release|Any CPU.ActiveCfg = Release|Any CPU
		{ABBA88C7-EEC2-4F77-864B-AB61098633AA}.Release|Any CPU.Build.0 = Release|Any CPU
		{ABBA88C7-EEC2-4F77-864B-AB61098633AA}.Release|x64.ActiveCfg = Release|Any CPU
		{ABBA88C7-EEC2-4F77-864B-AB61098633AA}.Release|x64.Build.0 = Release|Any CPU
		{ABBA88C7-EEC2-4F77-864B-AB61098633AA}.Release|x86.ActiveCfg = Release|Any CPU
		{ABBA88C7-EEC2-4F77-864B-AB61098633AA}.Release|x86.Build.0 = Release|Any CPU
		{E454B543-3221-413A-A754-DE4ABB6055CE}.Debug|Any CPU.ActiveCfg = Debug|Any CPU
		{E454B543-3221-413A-A754-DE4ABB6055CE}.Debug|Any CPU.Build.0 = Debug|Any CPU
		{E454B543-3221-413A-A754-DE4ABB6055CE}.Debug|x64.ActiveCfg = Debug|Any CPU
		{E454B543-3221-413A-A754-DE4ABB6055CE}.Debug|x64.Build.0 = Debug|Any CPU
		{E454B543-3221-413A-A754-DE4ABB6055CE}.Debug|x86.ActiveCfg = Debug|Any CPU
		{E454B543-3221-413A-A754-DE4ABB6055CE}.Debug|x86.Build.0 = Debug|Any CPU
		{E454B543-3221-413A-A754-DE4ABB6055CE}.Release|Any CPU.ActiveCfg = Release|Any CPU
		{E454B543-3221-413A-A754-DE4ABB6055CE}.Release|Any CPU.Build.0 = Release|Any CPU
		{E454B543-3221-413A-A754-DE4ABB6055CE}.Release|x64.ActiveCfg = Release|Any CPU
		{E454B543-3221-413A-A754-DE4ABB6055CE}.Release|x64.Build.0 = Release|Any CPU
		{E454B543-3221-413A-A754-DE4ABB6055CE}.Release|x86.ActiveCfg = Release|Any CPU
		{E454B543-3221-413A-A754-DE4ABB6055CE}.Release|x86.Build.0 = Release|Any CPU
		{AEEAFF17-A2E8-4119-A754-C5954E44F8E9}.Debug|Any CPU.ActiveCfg = Debug|Any CPU
		{AEEAFF17-A2E8-4119-A754-C5954E44F8E9}.Debug|Any CPU.Build.0 = Debug|Any CPU
		{AEEAFF17-A2E8-4119-A754-C5954E44F8E9}.Debug|x64.ActiveCfg = Debug|Any CPU
		{AEEAFF17-A2E8-4119-A754-C5954E44F8E9}.Debug|x64.Build.0 = Debug|Any CPU
		{AEEAFF17-A2E8-4119-A754-C5954E44F8E9}.Debug|x86.ActiveCfg = Debug|Any CPU
		{AEEAFF17-A2E8-4119-A754-C5954E44F8E9}.Debug|x86.Build.0 = Debug|Any CPU
		{AEEAFF17-A2E8-4119-A754-C5954E44F8E9}.Release|Any CPU.ActiveCfg = Release|Any CPU
		{AEEAFF17-A2E8-4119-A754-C5954E44F8E9}.Release|Any CPU.Build.0 = Release|Any CPU
		{AEEAFF17-A2E8-4119-A754-C5954E44F8E9}.Release|x64.ActiveCfg = Release|Any CPU
		{AEEAFF17-A2E8-4119-A754-C5954E44F8E9}.Release|x64.Build.0 = Release|Any CPU
		{AEEAFF17-A2E8-4119-A754-C5954E44F8E9}.Release|x86.ActiveCfg = Release|Any CPU
		{AEEAFF17-A2E8-4119-A754-C5954E44F8E9}.Release|x86.Build.0 = Release|Any CPU
	EndGlobalSection
	GlobalSection(SolutionProperties) = preSolution
		HideSolutionNode = FALSE
	EndGlobalSection
	GlobalSection(NestedProjects) = preSolution
		{90498157-DCF5-4299-86C9-5952FA1BD14A} = {9A27A0AD-8337-4F17-8A2F-1788289695D5}
		{83E7B816-D0B9-4FF4-BF7A-CA5EF2C98A7B} = {9A27A0AD-8337-4F17-8A2F-1788289695D5}
		{FA845AAF-FE73-4DFF-BD91-7428C7B5F459} = {9A27A0AD-8337-4F17-8A2F-1788289695D5}
		{B5402746-627F-4948-B5EE-7008E03AB92D} = {9A27A0AD-8337-4F17-8A2F-1788289695D5}
		{ABBA88C7-EEC2-4F77-864B-AB61098633AA} = {9A27A0AD-8337-4F17-8A2F-1788289695D5}
		{E454B543-3221-413A-A754-DE4ABB6055CE} = {9A27A0AD-8337-4F17-8A2F-1788289695D5}
		{AEEAFF17-A2E8-4119-A754-C5954E44F8E9} = {EACFDE51-FADC-4C11-885A-F926299577B7}
	EndGlobalSection
	GlobalSection(ExtensibilityGlobals) = postSolution
		SolutionGuid = {481FAEF5-5A5C-4AC8-A266-FAD612540C06}
	EndGlobalSection
EndGlobal
